
Microsoft Visual Studio Solution File, Format Version 12.00
# Visual Studio Version 17
VisualStudioVersion = 17.2.32519.379
MinimumVisualStudioVersion = 10.0.40219.1
Project("{FAE04EC0-301F-11D3-BF4B-00C04F79EFBC}") = "InvoiceCalculator", "InvoiceCalculator\InvoiceCalculator.csproj", "{67B18642-E9B6-464C-9D32-32B22E6651F6}"
EndProject
Global
	GlobalSection(SolutionConfigurationPlatforms) = preSolution
		Debug|Any CPU = Debug|Any CPU
		Release|Any CPU = Release|Any CPU
	EndGlobalSection
	GlobalSection(ProjectConfigurationPlatforms) = postSolution
		{67B18642-E9B6-464C-9D32-32B22E6651F6}.Debug|Any CPU.ActiveCfg = Debug|Any CPU
		{67B18642-E9B6-464C-9D32-32B22E6651F6}.Debug|Any CPU.Build.0 = Debug|Any CPU
		{67B18642-E9B6-464C-9D32-32B22E6651F6}.Release|Any CPU.ActiveCfg = Release|Any CPU
		{67B18642-E9B6-464C-9D32-32B22E6651F6}.Release|Any CPU.Build.0 = Release|Any CPU
	EndGlobalSection
	GlobalSection(SolutionProperties) = preSolution
		HideSolutionNode = FALSE
	EndGlobalSection
	GlobalSection(ExtensibilityGlobals) = postSolution
		SolutionGuid = {2CE5D227-B17E-463A-A791-B62F6E5D6433}
	EndGlobalSection
EndGlobal
